
Microsoft Visual Studio Solution File, Format Version 12.00
# Visual Studio 15
VisualStudioVersion = 15.0.28307.329
MinimumVisualStudioVersion = 10.0.40219.1
Project("{FAE04EC0-301F-11D3-BF4B-00C04F79EFBC}") = "Vidly", "Vidly\Vidly.csproj", "{D5B74D41-B3BF-4BB6-BF8A-D628A3F2D1EB}"
EndProject
Global
	GlobalSection(SolutionConfigurationPlatforms) = preSolution
		Debug|Any CPU = Debug|Any CPU
		Release|Any CPU = Release|Any CPU
	EndGlobalSection
	GlobalSection(ProjectConfigurationPlatforms) = postSolution
		{D5B74D41-B3BF-4BB6-BF8A-D628A3F2D1EB}.Debug|Any CPU.ActiveCfg = Debug|Any CPU
		{D5B74D41-B3BF-4BB6-BF8A-D628A3F2D1EB}.Debug|Any CPU.Build.0 = Debug|Any CPU
		{D5B74D41-B3BF-4BB6-BF8A-D628A3F2D1EB}.Release|Any CPU.ActiveCfg = Release|Any CPU
		{D5B74D41-B3BF-4BB6-BF8A-D628A3F2D1EB}.Release|Any CPU.Build.0 = Release|Any CPU
	EndGlobalSection
	GlobalSection(SolutionProperties) = preSolution
		HideSolutionNode = FALSE
	EndGlobalSection
	GlobalSection(ExtensibilityGlobals) = postSolution
		SolutionGuid = {CF1FB4F1-889A-40E0-958B-3A2858DF69D3}
	EndGlobalSection
EndGlobal
